
Microsoft Visual Studio Solution File, Format Version 12.00
# Visual Studio Version 16
VisualStudioVersion = 16.0.30114.105
MinimumVisualStudioVersion = 10.0.40219.1
Project("{FAE04EC0-301F-11D3-BF4B-00C04F79EFBC}") = "DotNet", "DotNet\DotNet.csproj", "{C306FC33-6FB3-487E-BF29-22B381C5632F}"
EndProject
Project("{FAE04EC0-301F-11D3-BF4B-00C04F79EFBC}") = "DotNet.Tests", "DotNet.Tests\DotNet.Tests.csproj", "{DDDE2258-299C-49E9-8530-26B367BC810C}"
EndProject
Global
	GlobalSection(SolutionConfigurationPlatforms) = preSolution
		Debug|Any CPU = Debug|Any CPU
		Debug|x64 = Debug|x64
		Debug|x86 = Debug|x86
		Release|Any CPU = Release|Any CPU
		Release|x64 = Release|x64
		Release|x86 = Release|x86
	EndGlobalSection
	GlobalSection(SolutionProperties) = preSolution
		HideSolutionNode = FALSE
	EndGlobalSection
	GlobalSection(ProjectConfigurationPlatforms) = postSolution
		{C306FC33-6FB3-487E-BF29-22B381C5632F}.Debug|Any CPU.ActiveCfg = Debug|Any CPU
		{C306FC33-6FB3-487E-BF29-22B381C5632F}.Debug|Any CPU.Build.0 = Debug|Any CPU
		{C306FC33-6FB3-487E-BF29-22B381C5632F}.Debug|x64.ActiveCfg = Debug|Any CPU
		{C306FC33-6FB3-487E-BF29-22B381C5632F}.Debug|x64.Build.0 = Debug|Any CPU
		{C306FC33-6FB3-487E-BF29-22B381C5632F}.Debug|x86.ActiveCfg = Debug|Any CPU
		{C306FC33-6FB3-487E-BF29-22B381C5632F}.Debug|x86.Build.0 = Debug|Any CPU
		{C306FC33-6FB3-487E-BF29-22B381C5632F}.Release|Any CPU.ActiveCfg = Release|Any CPU
		{C306FC33-6FB3-487E-BF29-22B381C5632F}.Release|Any CPU.Build.0 = Release|Any CPU
		{C306FC33-6FB3-487E-BF29-22B381C5632F}.Release|x64.ActiveCfg = Release|Any CPU
		{C306FC33-6FB3-487E-BF29-22B381C5632F}.Release|x64.Build.0 = Release|Any CPU
		{C306FC33-6FB3-487E-BF29-22B381C5632F}.Release|x86.ActiveCfg = Release|Any CPU
		{C306FC33-6FB3-487E-BF29-22B381C5632F}.Release|x86.Build.0 = Release|Any CPU
		{DDDE2258-299C-49E9-8530-26B367BC810C}.Debug|Any CPU.ActiveCfg = Debug|Any CPU
		{DDDE2258-299C-49E9-8530-26B367BC810C}.Debug|Any CPU.Build.0 = Debug|Any CPU
		{DDDE2258-299C-49E9-8530-26B367BC810C}.Debug|x64.ActiveCfg = Debug|Any CPU
		{DDDE2258-299C-49E9-8530-26B367BC810C}.Debug|x64.Build.0 = Debug|Any CPU
		{DDDE2258-299C-49E9-8530-26B367BC810C}.Debug|x86.ActiveCfg = Debug|Any CPU
		{DDDE2258-299C-49E9-8530-26B367BC810C}.Debug|x86.Build.0 = Debug|Any CPU
		{DDDE2258-299C-49E9-8530-26B367BC810C}.Release|Any CPU.ActiveCfg = Release|Any CPU
		{DDDE2258-299C-49E9-8530-26B367BC810C}.Release|Any CPU.Build.0 = Release|Any CPU
		{DDDE2258-299C-49E9-8530-26B367BC810C}.Release|x64.ActiveCfg = Release|Any CPU
		{DDDE2258-299C-49E9-8530-26B367BC810C}.Release|x64.Build.0 = Release|Any CPU
		{DDDE2258-299C-49E9-8530-26B367BC810C}.Release|x86.ActiveCfg = Release|Any CPU
		{DDDE2258-299C-49E9-8530-26B367BC810C}.Release|x86.Build.0 = Release|Any CPU
	EndGlobalSection
EndGlobal
